
Microsoft Visual Studio Solution File, Format Version 12.00
# Visual Studio Version 17
VisualStudioVersion = 17.12.35323.107
MinimumVisualStudioVersion = 10.0.40219.1
Project("{FAE04EC0-301F-11D3-BF4B-00C04F79EFBC}") = "WORDL", "WORDL\WORDL.csproj", "{8C6FF172-E777-4159-8E80-D22C05C56517}"
EndProject
Global
	GlobalSection(SolutionConfigurationPlatforms) = preSolution
		Debug|Any CPU = Debug|Any CPU
		Release|Any CPU = Release|Any CPU
	EndGlobalSection
	GlobalSection(ProjectConfigurationPlatforms) = postSolution
		{8C6FF172-E777-4159-8E80-D22C05C56517}.Debug|Any CPU.ActiveCfg = Debug|Any CPU
		{8C6FF172-E777-4159-8E80-D22C05C56517}.Debug|Any CPU.Build.0 = Debug|Any CPU
		{8C6FF172-E777-4159-8E80-D22C05C56517}.Release|Any CPU.ActiveCfg = Release|Any CPU
		{8C6FF172-E777-4159-8E80-D22C05C56517}.Release|Any CPU.Build.0 = Release|Any CPU
	EndGlobalSection
	GlobalSection(SolutionProperties) = preSolution
		HideSolutionNode = FALSE
	EndGlobalSection
	GlobalSection(ExtensibilityGlobals) = postSolution
		SolutionGuid = {D28C0DAE-3140-413F-B892-D8AAE6B953C5}
	EndGlobalSection
EndGlobal
